// !$*UTF8*$!
{
	archiveVersion = 1;
	classes = {
	};
	objectVersion = 56;
	objects = {

/* Begin PBXBuildFile section */
		40F688DD2B207C5E0021E50D /* TripPlannerApp.swift in Sources */ = {isa = PBXBuildFile; fileRef = 40F688DC2B207C5E0021E50D /* TripPlannerApp.swift */; };
		40F688E12B207C600021E50D /* Assets.xcassets in Resources */ = {isa = PBXBuildFile; fileRef = 40F688E02B207C600021E50D /* Assets.xcassets */; };
		40F688E52B207C600021E50D /* Preview Assets.xcassets in Resources */ = {isa = PBXBuildFile; fileRef = 40F688E42B207C600021E50D /* Preview Assets.xcassets */; };
		40F689102B2084A60021E50D /* FlightConnectionsFetching.swift in Sources */ = {isa = PBXBuildFile; fileRef = 40F6890F2B2084A60021E50D /* FlightConnectionsFetching.swift */; };
		40F689122B20853D0021E50D /* RemoteFlightConnectionsService.swift in Sources */ = {isa = PBXBuildFile; fileRef = 40F689112B20853D0021E50D /* RemoteFlightConnectionsService.swift */; };
		40F689152B20856F0021E50D /* FlightConnection.swift in Sources */ = {isa = PBXBuildFile; fileRef = 40F689142B20856F0021E50D /* FlightConnection.swift */; };
		40F689172B20869E0021E50D /* CoordinatesInfo.swift in Sources */ = {isa = PBXBuildFile; fileRef = 40F689162B20869E0021E50D /* CoordinatesInfo.swift */; };
		40F689192B2086A30021E50D /* Coordinate.swift in Sources */ = {isa = PBXBuildFile; fileRef = 40F689182B2086A30021E50D /* Coordinate.swift */; };
		40F6891D2B2088F10021E50D /* RemoteFlightConnectionsServiceTests.swift in Sources */ = {isa = PBXBuildFile; fileRef = 40F6891C2B2088F10021E50D /* RemoteFlightConnectionsServiceTests.swift */; };
		40F6891F2B2089F00021E50D /* FlightConnectionsMapper.swift in Sources */ = {isa = PBXBuildFile; fileRef = 40F6891E2B2089F00021E50D /* FlightConnectionsMapper.swift */; };
		40F689222B208C620021E50D /* HTTPURLResponse.swift in Sources */ = {isa = PBXBuildFile; fileRef = 40F689212B208C620021E50D /* HTTPURLResponse.swift */; };
		40F689242B20910A0021E50D /* MockURLProtocol.swift in Sources */ = {isa = PBXBuildFile; fileRef = 40F689232B20910A0021E50D /* MockURLProtocol.swift */; };
		40F689262B2093190021E50D /* Helpers.swift in Sources */ = {isa = PBXBuildFile; fileRef = 40F689252B2093190021E50D /* Helpers.swift */; };
		40F6892B2B20A24D0021E50D /* XCTestCase+MemoryLeaksTracker.swift in Sources */ = {isa = PBXBuildFile; fileRef = 40F6892A2B20A24D0021E50D /* XCTestCase+MemoryLeaksTracker.swift */; };
		40F6892D2B20A2DC0021E50D /* FlightConnectionsListView.swift in Sources */ = {isa = PBXBuildFile; fileRef = 40F6892C2B20A2DC0021E50D /* FlightConnectionsListView.swift */; };
		40F689302B20A3BA0021E50D /* FlightConnectionsListViewModel.swift in Sources */ = {isa = PBXBuildFile; fileRef = 40F6892F2B20A3BA0021E50D /* FlightConnectionsListViewModel.swift */; };
		40F689322B20A99B0021E50D /* Dependencies.swift in Sources */ = {isa = PBXBuildFile; fileRef = 40F689312B20A99B0021E50D /* Dependencies.swift */; };
		40F689352B20AB8C0021E50D /* MockFlightConnectionsListViewModel.swift in Sources */ = {isa = PBXBuildFile; fileRef = 40F689342B20AB8C0021E50D /* MockFlightConnectionsListViewModel.swift */; };
		40F689382B20B0F20021E50D /* FlightSearchView.swift in Sources */ = {isa = PBXBuildFile; fileRef = 40F689372B20B0F20021E50D /* FlightSearchView.swift */; };
		40F6893A2B20B0F90021E50D /* FlightSearchViewModel.swift in Sources */ = {isa = PBXBuildFile; fileRef = 40F689392B20B0F90021E50D /* FlightSearchViewModel.swift */; };
		40F6893C2B20B1420021E50D /* MockFlightSearchViewModel.swift in Sources */ = {isa = PBXBuildFile; fileRef = 40F6893B2B20B1410021E50D /* MockFlightSearchViewModel.swift */; };
		40F6893E2B20B2650021E50D /* SearchType.swift in Sources */ = {isa = PBXBuildFile; fileRef = 40F6893D2B20B2650021E50D /* SearchType.swift */; };
		40F689452B20BEAA0021E50D /* Typealiases.swift in Sources */ = {isa = PBXBuildFile; fileRef = 40F689442B20BEAA0021E50D /* Typealiases.swift */; };
		40F689472B20C3D20021E50D /* CityNamesFetching.swift in Sources */ = {isa = PBXBuildFile; fileRef = 40F689462B20C3D20021E50D /* CityNamesFetching.swift */; };
		40F6894A2B20C4BA0021E50D /* CityNamesService.swift in Sources */ = {isa = PBXBuildFile; fileRef = 40F689492B20C4BA0021E50D /* CityNamesService.swift */; };
/* End PBXBuildFile section */

/* Begin PBXContainerItemProxy section */
		40F688EB2B207C600021E50D /* PBXContainerItemProxy */ = {
			isa = PBXContainerItemProxy;
			containerPortal = 40F688D12B207C5E0021E50D /* Project object */;
			proxyType = 1;
			remoteGlobalIDString = 40F688D82B207C5E0021E50D;
			remoteInfo = TripPlanner;
		};
/* End PBXContainerItemProxy section */

/* Begin PBXFileReference section */
		40F688D92B207C5E0021E50D /* TripPlanner.app */ = {isa = PBXFileReference; explicitFileType = wrapper.application; includeInIndex = 0; path = TripPlanner.app; sourceTree = BUILT_PRODUCTS_DIR; };
		40F688DC2B207C5E0021E50D /* TripPlannerApp.swift */ = {isa = PBXFileReference; lastKnownFileType = sourcecode.swift; path = TripPlannerApp.swift; sourceTree = "<group>"; };
		40F688E02B207C600021E50D /* Assets.xcassets */ = {isa = PBXFileReference; lastKnownFileType = folder.assetcatalog; path = Assets.xcassets; sourceTree = "<group>"; };
		40F688E22B207C600021E50D /* TripPlanner.entitlements */ = {isa = PBXFileReference; lastKnownFileType = text.plist.entitlements; path = TripPlanner.entitlements; sourceTree = "<group>"; };
		40F688E42B207C600021E50D /* Preview Assets.xcassets */ = {isa = PBXFileReference; lastKnownFileType = folder.assetcatalog; path = "Preview Assets.xcassets"; sourceTree = "<group>"; };
		40F688EA2B207C600021E50D /* TripPlannerTests.xctest */ = {isa = PBXFileReference; explicitFileType = wrapper.cfbundle; includeInIndex = 0; path = TripPlannerTests.xctest; sourceTree = BUILT_PRODUCTS_DIR; };
		40F6890B2B207DDB0021E50D /* TripPlanner.xctestplan */ = {isa = PBXFileReference; lastKnownFileType = text; path = TripPlanner.xctestplan; sourceTree = "<group>"; };
		40F6890F2B2084A60021E50D /* FlightConnectionsFetching.swift */ = {isa = PBXFileReference; lastKnownFileType = sourcecode.swift; path = FlightConnectionsFetching.swift; sourceTree = "<group>"; };
		40F689112B20853D0021E50D /* RemoteFlightConnectionsService.swift */ = {isa = PBXFileReference; lastKnownFileType = sourcecode.swift; path = RemoteFlightConnectionsService.swift; sourceTree = "<group>"; };
		40F689142B20856F0021E50D /* FlightConnection.swift */ = {isa = PBXFileReference; lastKnownFileType = sourcecode.swift; path = FlightConnection.swift; sourceTree = "<group>"; };
		40F689162B20869E0021E50D /* CoordinatesInfo.swift */ = {isa = PBXFileReference; lastKnownFileType = sourcecode.swift; path = CoordinatesInfo.swift; sourceTree = "<group>"; };
		40F689182B2086A30021E50D /* Coordinate.swift */ = {isa = PBXFileReference; lastKnownFileType = sourcecode.swift; path = Coordinate.swift; sourceTree = "<group>"; };
		40F6891C2B2088F10021E50D /* RemoteFlightConnectionsServiceTests.swift */ = {isa = PBXFileReference; lastKnownFileType = sourcecode.swift; path = RemoteFlightConnectionsServiceTests.swift; sourceTree = "<group>"; };
		40F6891E2B2089F00021E50D /* FlightConnectionsMapper.swift */ = {isa = PBXFileReference; lastKnownFileType = sourcecode.swift; path = FlightConnectionsMapper.swift; sourceTree = "<group>"; };
		40F689212B208C620021E50D /* HTTPURLResponse.swift */ = {isa = PBXFileReference; lastKnownFileType = sourcecode.swift; path = HTTPURLResponse.swift; sourceTree = "<group>"; };
		40F689232B20910A0021E50D /* MockURLProtocol.swift */ = {isa = PBXFileReference; lastKnownFileType = sourcecode.swift; path = MockURLProtocol.swift; sourceTree = "<group>"; };
		40F689252B2093190021E50D /* Helpers.swift */ = {isa = PBXFileReference; lastKnownFileType = sourcecode.swift; path = Helpers.swift; sourceTree = "<group>"; };
		40F6892A2B20A24D0021E50D /* XCTestCase+MemoryLeaksTracker.swift */ = {isa = PBXFileReference; lastKnownFileType = sourcecode.swift; path = "XCTestCase+MemoryLeaksTracker.swift"; sourceTree = "<group>"; };
		40F6892C2B20A2DC0021E50D /* FlightConnectionsListView.swift */ = {isa = PBXFileReference; lastKnownFileType = sourcecode.swift; path = FlightConnectionsListView.swift; sourceTree = "<group>"; };
		40F6892F2B20A3BA0021E50D /* FlightConnectionsListViewModel.swift */ = {isa = PBXFileReference; lastKnownFileType = sourcecode.swift; path = FlightConnectionsListViewModel.swift; sourceTree = "<group>"; };
		40F689312B20A99B0021E50D /* Dependencies.swift */ = {isa = PBXFileReference; lastKnownFileType = sourcecode.swift; path = Dependencies.swift; sourceTree = "<group>"; };
		40F689342B20AB8C0021E50D /* MockFlightConnectionsListViewModel.swift */ = {isa = PBXFileReference; lastKnownFileType = sourcecode.swift; path = MockFlightConnectionsListViewModel.swift; sourceTree = "<group>"; };
		40F689372B20B0F20021E50D /* FlightSearchView.swift */ = {isa = PBXFileReference; lastKnownFileType = sourcecode.swift; path = FlightSearchView.swift; sourceTree = "<group>"; };
		40F689392B20B0F90021E50D /* FlightSearchViewModel.swift */ = {isa = PBXFileReference; lastKnownFileType = sourcecode.swift; path = FlightSearchViewModel.swift; sourceTree = "<group>"; };
		40F6893B2B20B1410021E50D /* MockFlightSearchViewModel.swift */ = {isa = PBXFileReference; lastKnownFileType = sourcecode.swift; path = MockFlightSearchViewModel.swift; sourceTree = "<group>"; };
		40F6893D2B20B2650021E50D /* SearchType.swift */ = {isa = PBXFileReference; lastKnownFileType = sourcecode.swift; path = SearchType.swift; sourceTree = "<group>"; };
		40F689442B20BEAA0021E50D /* Typealiases.swift */ = {isa = PBXFileReference; lastKnownFileType = sourcecode.swift; path = Typealiases.swift; sourceTree = "<group>"; };
		40F689462B20C3D20021E50D /* CityNamesFetching.swift */ = {isa = PBXFileReference; lastKnownFileType = sourcecode.swift; path = CityNamesFetching.swift; sourceTree = "<group>"; };
		40F689492B20C4BA0021E50D /* CityNamesService.swift */ = {isa = PBXFileReference; lastKnownFileType = sourcecode.swift; path = CityNamesService.swift; sourceTree = "<group>"; };
/* End PBXFileReference section */

/* Begin PBXFrameworksBuildPhase section */
		40F688D62B207C5E0021E50D /* Frameworks */ = {
			isa = PBXFrameworksBuildPhase;
			buildActionMask = 2147483647;
			files = (
			);
			runOnlyForDeploymentPostprocessing = 0;
		};
		40F688E72B207C600021E50D /* Frameworks */ = {
			isa = PBXFrameworksBuildPhase;
			buildActionMask = 2147483647;
			files = (
			);
			runOnlyForDeploymentPostprocessing = 0;
		};
/* End PBXFrameworksBuildPhase section */

/* Begin PBXGroup section */
		40F688D02B207C5E0021E50D = {
			isa = PBXGroup;
			children = (
				40F688DB2B207C5E0021E50D /* TripPlanner */,
				40F688ED2B207C600021E50D /* TripPlannerTests */,
				40F688DA2B207C5E0021E50D /* Products */,
			);
			sourceTree = "<group>";
		};
		40F688DA2B207C5E0021E50D /* Products */ = {
			isa = PBXGroup;
			children = (
				40F688D92B207C5E0021E50D /* TripPlanner.app */,
				40F688EA2B207C600021E50D /* TripPlannerTests.xctest */,
			);
			name = Products;
			sourceTree = "<group>";
		};
		40F688DB2B207C5E0021E50D /* TripPlanner */ = {
			isa = PBXGroup;
			children = (
				40F689072B207D030021E50D /* App */,
				40F6890D2B2084700021E50D /* Domain */,
				40F689082B207D0B0021E50D /* Resources */,
				40F689092B207D280021E50D /* Scenes */,
				40F689282B20A16A0021E50D /* Services */,
			);
			path = TripPlanner;
			sourceTree = "<group>";
		};
		40F688E32B207C600021E50D /* Preview Content */ = {
			isa = PBXGroup;
			children = (
				40F689332B20AB7E0021E50D /* MockViewModels */,
				40F688E42B207C600021E50D /* Preview Assets.xcassets */,
			);
			path = "Preview Content";
			sourceTree = "<group>";
		};
		40F688ED2B207C600021E50D /* TripPlannerTests */ = {
			isa = PBXGroup;
			children = (
				40F6890B2B207DDB0021E50D /* TripPlanner.xctestplan */,
				40F6891A2B2088C70021E50D /* Helpers */,
				40F6891B2B2088CF0021E50D /* Services */,
			);
			path = TripPlannerTests;
			sourceTree = "<group>";
		};
		40F689072B207D030021E50D /* App */ = {
			isa = PBXGroup;
			children = (
				40F688E22B207C600021E50D /* TripPlanner.entitlements */,
				40F689312B20A99B0021E50D /* Dependencies.swift */,
				40F688DC2B207C5E0021E50D /* TripPlannerApp.swift */,
			);
			path = App;
			sourceTree = "<group>";
		};
		40F689082B207D0B0021E50D /* Resources */ = {
			isa = PBXGroup;
			children = (
				40F688E32B207C600021E50D /* Preview Content */,
				40F688E02B207C600021E50D /* Assets.xcassets */,
			);
			path = Resources;
			sourceTree = "<group>";
		};
		40F689092B207D280021E50D /* Scenes */ = {
			isa = PBXGroup;
			children = (
				40F6892E2B20A3340021E50D /* FlightConnectionsList */,
				40F689362B20B0BF0021E50D /* FlightSearch */,
			);
			path = Scenes;
			sourceTree = "<group>";
		};
		40F6890D2B2084700021E50D /* Domain */ = {
			isa = PBXGroup;
			children = (
				40F689462B20C3D20021E50D /* CityNamesFetching.swift */,
				40F6890F2B2084A60021E50D /* FlightConnectionsFetching.swift */,
				40F689132B2085660021E50D /* Models */,
			);
			path = Domain;
			sourceTree = "<group>";
		};
		40F689132B2085660021E50D /* Models */ = {
			isa = PBXGroup;
			children = (
				40F689182B2086A30021E50D /* Coordinate.swift */,
				40F689162B20869E0021E50D /* CoordinatesInfo.swift */,
				40F689142B20856F0021E50D /* FlightConnection.swift */,
				40F6893D2B20B2650021E50D /* SearchType.swift */,
				40F689442B20BEAA0021E50D /* Typealiases.swift */,
			);
			path = Models;
			sourceTree = "<group>";
		};
		40F6891A2B2088C70021E50D /* Helpers */ = {
			isa = PBXGroup;
			children = (
				40F689252B2093190021E50D /* Helpers.swift */,
				40F6892A2B20A24D0021E50D /* XCTestCase+MemoryLeaksTracker.swift */,
			);
			path = Helpers;
			sourceTree = "<group>";
		};
		40F6891B2B2088CF0021E50D /* Services */ = {
			isa = PBXGroup;
			children = (
				40F689272B20A12F0021E50D /* Helpers */,
				40F6891C2B2088F10021E50D /* RemoteFlightConnectionsServiceTests.swift */,
			);
			path = Services;
			sourceTree = "<group>";
		};
		40F689202B208C560021E50D /* Helpers */ = {
			isa = PBXGroup;
			children = (
				40F689212B208C620021E50D /* HTTPURLResponse.swift */,
			);
			path = Helpers;
			sourceTree = "<group>";
		};
		40F689272B20A12F0021E50D /* Helpers */ = {
			isa = PBXGroup;
			children = (
				40F689232B20910A0021E50D /* MockURLProtocol.swift */,
			);
			path = Helpers;
			sourceTree = "<group>";
		};
		40F689282B20A16A0021E50D /* Services */ = {
			isa = PBXGroup;
			children = (
				40F689482B20C4910021E50D /* CityNames */,
				40F689202B208C560021E50D /* Helpers */,
				40F689292B20A1830021E50D /* RemoteFlightConnections */,
			);
			path = Services;
			sourceTree = "<group>";
		};
		40F689292B20A1830021E50D /* RemoteFlightConnections */ = {
			isa = PBXGroup;
			children = (
				40F6891E2B2089F00021E50D /* FlightConnectionsMapper.swift */,
				40F689112B20853D0021E50D /* RemoteFlightConnectionsService.swift */,
			);
			path = RemoteFlightConnections;
			sourceTree = "<group>";
		};
		40F6892E2B20A3340021E50D /* FlightConnectionsList */ = {
			isa = PBXGroup;
			children = (
				40F6892C2B20A2DC0021E50D /* FlightConnectionsListView.swift */,
				40F6892F2B20A3BA0021E50D /* FlightConnectionsListViewModel.swift */,
			);
			path = FlightConnectionsList;
			sourceTree = "<group>";
		};
		40F689332B20AB7E0021E50D /* MockViewModels */ = {
			isa = PBXGroup;
			children = (
				40F689342B20AB8C0021E50D /* MockFlightConnectionsListViewModel.swift */,
				40F6893B2B20B1410021E50D /* MockFlightSearchViewModel.swift */,
			);
			path = MockViewModels;
			sourceTree = "<group>";
		};
		40F689362B20B0BF0021E50D /* FlightSearch */ = {
			isa = PBXGroup;
			children = (
				40F689372B20B0F20021E50D /* FlightSearchView.swift */,
				40F689392B20B0F90021E50D /* FlightSearchViewModel.swift */,
			);
			path = FlightSearch;
			sourceTree = "<group>";
		};
		40F689482B20C4910021E50D /* CityNames */ = {
			isa = PBXGroup;
			children = (
				40F689492B20C4BA0021E50D /* CityNamesService.swift */,
			);
			path = CityNames;
			sourceTree = "<group>";
		};
/* End PBXGroup section */

/* Begin PBXNativeTarget section */
		40F688D82B207C5E0021E50D /* TripPlanner */ = {
			isa = PBXNativeTarget;
			buildConfigurationList = 40F688FE2B207C600021E50D /* Build configuration list for PBXNativeTarget "TripPlanner" */;
			buildPhases = (
				40F688D52B207C5E0021E50D /* Sources */,
				40F688D62B207C5E0021E50D /* Frameworks */,
				40F688D72B207C5E0021E50D /* Resources */,
			);
			buildRules = (
			);
			dependencies = (
			);
			name = TripPlanner;
			productName = TripPlanner;
			productReference = 40F688D92B207C5E0021E50D /* TripPlanner.app */;
			productType = "com.apple.product-type.application";
		};
		40F688E92B207C600021E50D /* TripPlannerTests */ = {
			isa = PBXNativeTarget;
			buildConfigurationList = 40F689012B207C600021E50D /* Build configuration list for PBXNativeTarget "TripPlannerTests" */;
			buildPhases = (
				40F688E62B207C600021E50D /* Sources */,
				40F688E72B207C600021E50D /* Frameworks */,
				40F688E82B207C600021E50D /* Resources */,
			);
			buildRules = (
			);
			dependencies = (
				40F688EC2B207C600021E50D /* PBXTargetDependency */,
			);
			name = TripPlannerTests;
			productName = TripPlannerTests;
			productReference = 40F688EA2B207C600021E50D /* TripPlannerTests.xctest */;
			productType = "com.apple.product-type.bundle.unit-test";
		};
/* End PBXNativeTarget section */

/* Begin PBXProject section */
		40F688D12B207C5E0021E50D /* Project object */ = {
			isa = PBXProject;
			attributes = {
				BuildIndependentTargetsInParallel = 1;
				LastSwiftUpdateCheck = 1500;
				LastUpgradeCheck = 1500;
				TargetAttributes = {
					40F688D82B207C5E0021E50D = {
						CreatedOnToolsVersion = 15.0.1;
					};
					40F688E92B207C600021E50D = {
						CreatedOnToolsVersion = 15.0.1;
						LastSwiftMigration = 1500;
						TestTargetID = 40F688D82B207C5E0021E50D;
					};
				};
			};
			buildConfigurationList = 40F688D42B207C5E0021E50D /* Build configuration list for PBXProject "TripPlanner" */;
			compatibilityVersion = "Xcode 14.0";
			developmentRegion = en;
			hasScannedForEncodings = 0;
			knownRegions = (
				en,
				Base,
			);
			mainGroup = 40F688D02B207C5E0021E50D;
			productRefGroup = 40F688DA2B207C5E0021E50D /* Products */;
			projectDirPath = "";
			projectRoot = "";
			targets = (
				40F688D82B207C5E0021E50D /* TripPlanner */,
				40F688E92B207C600021E50D /* TripPlannerTests */,
			);
		};
/* End PBXProject section */

/* Begin PBXResourcesBuildPhase section */
		40F688D72B207C5E0021E50D /* Resources */ = {
			isa = PBXResourcesBuildPhase;
			buildActionMask = 2147483647;
			files = (
				40F688E52B207C600021E50D /* Preview Assets.xcassets in Resources */,
				40F688E12B207C600021E50D /* Assets.xcassets in Resources */,
			);
			runOnlyForDeploymentPostprocessing = 0;
		};
		40F688E82B207C600021E50D /* Resources */ = {
			isa = PBXResourcesBuildPhase;
			buildActionMask = 2147483647;
			files = (
			);
			runOnlyForDeploymentPostprocessing = 0;
		};
/* End PBXResourcesBuildPhase section */

/* Begin PBXSourcesBuildPhase section */
		40F688D52B207C5E0021E50D /* Sources */ = {
			isa = PBXSourcesBuildPhase;
			buildActionMask = 2147483647;
			files = (
				40F689192B2086A30021E50D /* Coordinate.swift in Sources */,
				40F689102B2084A60021E50D /* FlightConnectionsFetching.swift in Sources */,
				40F6893A2B20B0F90021E50D /* FlightSearchViewModel.swift in Sources */,
				40F6893E2B20B2650021E50D /* SearchType.swift in Sources */,
				40F6894A2B20C4BA0021E50D /* CityNamesService.swift in Sources */,
				40F689382B20B0F20021E50D /* FlightSearchView.swift in Sources */,
				40F689352B20AB8C0021E50D /* MockFlightConnectionsListViewModel.swift in Sources */,
				40F689152B20856F0021E50D /* FlightConnection.swift in Sources */,
				40F689122B20853D0021E50D /* RemoteFlightConnectionsService.swift in Sources */,
				40F689302B20A3BA0021E50D /* FlightConnectionsListViewModel.swift in Sources */,
				40F689222B208C620021E50D /* HTTPURLResponse.swift in Sources */,
				40F689322B20A99B0021E50D /* Dependencies.swift in Sources */,
				40F6892D2B20A2DC0021E50D /* FlightConnectionsListView.swift in Sources */,
				40F6893C2B20B1420021E50D /* MockFlightSearchViewModel.swift in Sources */,
				40F688DD2B207C5E0021E50D /* TripPlannerApp.swift in Sources */,
				40F6891F2B2089F00021E50D /* FlightConnectionsMapper.swift in Sources */,
				40F689472B20C3D20021E50D /* CityNamesFetching.swift in Sources */,
				40F689172B20869E0021E50D /* CoordinatesInfo.swift in Sources */,
				40F689452B20BEAA0021E50D /* Typealiases.swift in Sources */,
			);
			runOnlyForDeploymentPostprocessing = 0;
		};
		40F688E62B207C600021E50D /* Sources */ = {
			isa = PBXSourcesBuildPhase;
			buildActionMask = 2147483647;
			files = (
				40F6891D2B2088F10021E50D /* RemoteFlightConnectionsServiceTests.swift in Sources */,
				40F6892B2B20A24D0021E50D /* XCTestCase+MemoryLeaksTracker.swift in Sources */,
				40F689262B2093190021E50D /* Helpers.swift in Sources */,
				40F689242B20910A0021E50D /* MockURLProtocol.swift in Sources */,
			);
			runOnlyForDeploymentPostprocessing = 0;
		};
/* End PBXSourcesBuildPhase section */

/* Begin PBXTargetDependency section */
		40F688EC2B207C600021E50D /* PBXTargetDependency */ = {
			isa = PBXTargetDependency;
			target = 40F688D82B207C5E0021E50D /* TripPlanner */;
			targetProxy = 40F688EB2B207C600021E50D /* PBXContainerItemProxy */;
		};
/* End PBXTargetDependency section */

/* Begin XCBuildConfiguration section */
		40F688FC2B207C600021E50D /* Debug */ = {
			isa = XCBuildConfiguration;
			buildSettings = {
				ALWAYS_SEARCH_USER_PATHS = NO;
				ASSETCATALOG_COMPILER_GENERATE_SWIFT_ASSET_SYMBOL_EXTENSIONS = YES;
				CLANG_ANALYZER_NONNULL = YES;
				CLANG_ANALYZER_NUMBER_OBJECT_CONVERSION = YES_AGGRESSIVE;
				CLANG_CXX_LANGUAGE_STANDARD = "gnu++20";
				CLANG_ENABLE_MODULES = YES;
				CLANG_ENABLE_OBJC_ARC = YES;
				CLANG_ENABLE_OBJC_WEAK = YES;
				CLANG_WARN_BLOCK_CAPTURE_AUTORELEASING = YES;
				CLANG_WARN_BOOL_CONVERSION = YES;
				CLANG_WARN_COMMA = YES;
				CLANG_WARN_CONSTANT_CONVERSION = YES;
				CLANG_WARN_DEPRECATED_OBJC_IMPLEMENTATIONS = YES;
				CLANG_WARN_DIRECT_OBJC_ISA_USAGE = YES_ERROR;
				CLANG_WARN_DOCUMENTATION_COMMENTS = YES;
				CLANG_WARN_EMPTY_BODY = YES;
				CLANG_WARN_ENUM_CONVERSION = YES;
				CLANG_WARN_INFINITE_RECURSION = YES;
				CLANG_WARN_INT_CONVERSION = YES;
				CLANG_WARN_NON_LITERAL_NULL_CONVERSION = YES;
				CLANG_WARN_OBJC_IMPLICIT_RETAIN_SELF = YES;
				CLANG_WARN_OBJC_LITERAL_CONVERSION = YES;
				CLANG_WARN_OBJC_ROOT_CLASS = YES_ERROR;
				CLANG_WARN_QUOTED_INCLUDE_IN_FRAMEWORK_HEADER = YES;
				CLANG_WARN_RANGE_LOOP_ANALYSIS = YES;
				CLANG_WARN_STRICT_PROTOTYPES = YES;
				CLANG_WARN_SUSPICIOUS_MOVE = YES;
				CLANG_WARN_UNGUARDED_AVAILABILITY = YES_AGGRESSIVE;
				CLANG_WARN_UNREACHABLE_CODE = YES;
				CLANG_WARN__DUPLICATE_METHOD_MATCH = YES;
				COPY_PHASE_STRIP = NO;
				DEBUG_INFORMATION_FORMAT = dwarf;
				ENABLE_STRICT_OBJC_MSGSEND = YES;
				ENABLE_TESTABILITY = YES;
				ENABLE_USER_SCRIPT_SANDBOXING = YES;
				GCC_C_LANGUAGE_STANDARD = gnu17;
				GCC_DYNAMIC_NO_PIC = NO;
				GCC_NO_COMMON_BLOCKS = YES;
				GCC_OPTIMIZATION_LEVEL = 0;
				GCC_PREPROCESSOR_DEFINITIONS = (
					"DEBUG=1",
					"$(inherited)",
				);
				GCC_WARN_64_TO_32_BIT_CONVERSION = YES;
				GCC_WARN_ABOUT_RETURN_TYPE = YES_ERROR;
				GCC_WARN_UNDECLARED_SELECTOR = YES;
				GCC_WARN_UNINITIALIZED_AUTOS = YES_AGGRESSIVE;
				GCC_WARN_UNUSED_FUNCTION = YES;
				GCC_WARN_UNUSED_VARIABLE = YES;
				IPHONEOS_DEPLOYMENT_TARGET = 16.0;
				LOCALIZATION_PREFERS_STRING_CATALOGS = YES;
				MACOSX_DEPLOYMENT_TARGET = 13.0;
				MTL_ENABLE_DEBUG_INFO = INCLUDE_SOURCE;
				MTL_FAST_MATH = YES;
				ONLY_ACTIVE_ARCH = YES;
				SWIFT_ACTIVE_COMPILATION_CONDITIONS = "DEBUG $(inherited)";
				SWIFT_OPTIMIZATION_LEVEL = "-Onone";
			};
			name = Debug;
		};
		40F688FD2B207C600021E50D /* Release */ = {
			isa = XCBuildConfiguration;
			buildSettings = {
				ALWAYS_SEARCH_USER_PATHS = NO;
				ASSETCATALOG_COMPILER_GENERATE_SWIFT_ASSET_SYMBOL_EXTENSIONS = YES;
				CLANG_ANALYZER_NONNULL = YES;
				CLANG_ANALYZER_NUMBER_OBJECT_CONVERSION = YES_AGGRESSIVE;
				CLANG_CXX_LANGUAGE_STANDARD = "gnu++20";
				CLANG_ENABLE_MODULES = YES;
				CLANG_ENABLE_OBJC_ARC = YES;
				CLANG_ENABLE_OBJC_WEAK = YES;
				CLANG_WARN_BLOCK_CAPTURE_AUTORELEASING = YES;
				CLANG_WARN_BOOL_CONVERSION = YES;
				CLANG_WARN_COMMA = YES;
				CLANG_WARN_CONSTANT_CONVERSION = YES;
				CLANG_WARN_DEPRECATED_OBJC_IMPLEMENTATIONS = YES;
				CLANG_WARN_DIRECT_OBJC_ISA_USAGE = YES_ERROR;
				CLANG_WARN_DOCUMENTATION_COMMENTS = YES;
				CLANG_WARN_EMPTY_BODY = YES;
				CLANG_WARN_ENUM_CONVERSION = YES;
				CLANG_WARN_INFINITE_RECURSION = YES;
				CLANG_WARN_INT_CONVERSION = YES;
				CLANG_WARN_NON_LITERAL_NULL_CONVERSION = YES;
				CLANG_WARN_OBJC_IMPLICIT_RETAIN_SELF = YES;
				CLANG_WARN_OBJC_LITERAL_CONVERSION = YES;
				CLANG_WARN_OBJC_ROOT_CLASS = YES_ERROR;
				CLANG_WARN_QUOTED_INCLUDE_IN_FRAMEWORK_HEADER = YES;
				CLANG_WARN_RANGE_LOOP_ANALYSIS = YES;
				CLANG_WARN_STRICT_PROTOTYPES = YES;
				CLANG_WARN_SUSPICIOUS_MOVE = YES;
				CLANG_WARN_UNGUARDED_AVAILABILITY = YES_AGGRESSIVE;
				CLANG_WARN_UNREACHABLE_CODE = YES;
				CLANG_WARN__DUPLICATE_METHOD_MATCH = YES;
				COPY_PHASE_STRIP = NO;
				DEBUG_INFORMATION_FORMAT = "dwarf-with-dsym";
				ENABLE_NS_ASSERTIONS = NO;
				ENABLE_STRICT_OBJC_MSGSEND = YES;
				ENABLE_USER_SCRIPT_SANDBOXING = YES;
				GCC_C_LANGUAGE_STANDARD = gnu17;
				GCC_NO_COMMON_BLOCKS = YES;
				GCC_WARN_64_TO_32_BIT_CONVERSION = YES;
				GCC_WARN_ABOUT_RETURN_TYPE = YES_ERROR;
				GCC_WARN_UNDECLARED_SELECTOR = YES;
				GCC_WARN_UNINITIALIZED_AUTOS = YES_AGGRESSIVE;
				GCC_WARN_UNUSED_FUNCTION = YES;
				GCC_WARN_UNUSED_VARIABLE = YES;
				IPHONEOS_DEPLOYMENT_TARGET = 16.0;
				LOCALIZATION_PREFERS_STRING_CATALOGS = YES;
				MACOSX_DEPLOYMENT_TARGET = 13.0;
				MTL_ENABLE_DEBUG_INFO = NO;
				MTL_FAST_MATH = YES;
				SWIFT_COMPILATION_MODE = wholemodule;
			};
			name = Release;
		};
		40F688FF2B207C600021E50D /* Debug */ = {
			isa = XCBuildConfiguration;
			buildSettings = {
				ASSETCATALOG_COMPILER_APPICON_NAME = AppIcon;
				ASSETCATALOG_COMPILER_GLOBAL_ACCENT_COLOR_NAME = AccentColor;
				CODE_SIGN_ENTITLEMENTS = TripPlanner/App/TripPlanner.entitlements;
				CODE_SIGN_STYLE = Automatic;
				CURRENT_PROJECT_VERSION = 1;
				DEVELOPMENT_ASSET_PATHS = "\"TripPlanner/Resources/Preview Content\"";
				DEVELOPMENT_TEAM = LS55K535D9;
				ENABLE_HARDENED_RUNTIME = YES;
				ENABLE_PREVIEWS = YES;
				GENERATE_INFOPLIST_FILE = YES;
				INFOPLIST_KEY_LSApplicationCategoryType = "public.app-category.travel";
				"INFOPLIST_KEY_UIApplicationSceneManifest_Generation[sdk=iphoneos*]" = YES;
				"INFOPLIST_KEY_UIApplicationSceneManifest_Generation[sdk=iphonesimulator*]" = YES;
				"INFOPLIST_KEY_UIApplicationSupportsIndirectInputEvents[sdk=iphoneos*]" = YES;
				"INFOPLIST_KEY_UIApplicationSupportsIndirectInputEvents[sdk=iphonesimulator*]" = YES;
				"INFOPLIST_KEY_UILaunchScreen_Generation[sdk=iphoneos*]" = YES;
				"INFOPLIST_KEY_UILaunchScreen_Generation[sdk=iphonesimulator*]" = YES;
				"INFOPLIST_KEY_UIStatusBarStyle[sdk=iphoneos*]" = UIStatusBarStyleDefault;
				"INFOPLIST_KEY_UIStatusBarStyle[sdk=iphonesimulator*]" = UIStatusBarStyleDefault;
				INFOPLIST_KEY_UISupportedInterfaceOrientations_iPad = "UIInterfaceOrientationPortrait UIInterfaceOrientationPortraitUpsideDown UIInterfaceOrientationLandscapeLeft UIInterfaceOrientationLandscapeRight";
				INFOPLIST_KEY_UISupportedInterfaceOrientations_iPhone = "UIInterfaceOrientationPortrait UIInterfaceOrientationLandscapeLeft UIInterfaceOrientationLandscapeRight";
				IPHONEOS_DEPLOYMENT_TARGET = 16.0;
				LD_RUNPATH_SEARCH_PATHS = "@executable_path/Frameworks";
				"LD_RUNPATH_SEARCH_PATHS[sdk=macosx*]" = "@executable_path/../Frameworks";
				MACOSX_DEPLOYMENT_TARGET = 13.0;
				MARKETING_VERSION = 1.0;
				PRODUCT_BUNDLE_IDENTIFIER = com.brenovaladao.TripPlanner;
				PRODUCT_NAME = "$(TARGET_NAME)";
				SDKROOT = auto;
				SUPPORTED_PLATFORMS = "iphoneos iphonesimulator macosx";
				SWIFT_EMIT_LOC_STRINGS = YES;
				SWIFT_STRICT_CONCURRENCY = targeted;
				SWIFT_VERSION = 5.0;
				TARGETED_DEVICE_FAMILY = "1,2";
			};
			name = Debug;
		};
		40F689002B207C600021E50D /* Release */ = {
			isa = XCBuildConfiguration;
			buildSettings = {
				ASSETCATALOG_COMPILER_APPICON_NAME = AppIcon;
				ASSETCATALOG_COMPILER_GLOBAL_ACCENT_COLOR_NAME = AccentColor;
				CODE_SIGN_ENTITLEMENTS = TripPlanner/App/TripPlanner.entitlements;
				CODE_SIGN_STYLE = Automatic;
				CURRENT_PROJECT_VERSION = 1;
				DEVELOPMENT_ASSET_PATHS = "\"TripPlanner/Resources/Preview Content\"";
				DEVELOPMENT_TEAM = LS55K535D9;
				ENABLE_HARDENED_RUNTIME = YES;
				ENABLE_PREVIEWS = YES;
				GENERATE_INFOPLIST_FILE = YES;
				INFOPLIST_KEY_LSApplicationCategoryType = "public.app-category.travel";
				"INFOPLIST_KEY_UIApplicationSceneManifest_Generation[sdk=iphoneos*]" = YES;
				"INFOPLIST_KEY_UIApplicationSceneManifest_Generation[sdk=iphonesimulator*]" = YES;
				"INFOPLIST_KEY_UIApplicationSupportsIndirectInputEvents[sdk=iphoneos*]" = YES;
				"INFOPLIST_KEY_UIApplicationSupportsIndirectInputEvents[sdk=iphonesimulator*]" = YES;
				"INFOPLIST_KEY_UILaunchScreen_Generation[sdk=iphoneos*]" = YES;
				"INFOPLIST_KEY_UILaunchScreen_Generation[sdk=iphonesimulator*]" = YES;
				"INFOPLIST_KEY_UIStatusBarStyle[sdk=iphoneos*]" = UIStatusBarStyleDefault;
				"INFOPLIST_KEY_UIStatusBarStyle[sdk=iphonesimulator*]" = UIStatusBarStyleDefault;
				INFOPLIST_KEY_UISupportedInterfaceOrientations_iPad = "UIInterfaceOrientationPortrait UIInterfaceOrientationPortraitUpsideDown UIInterfaceOrientationLandscapeLeft UIInterfaceOrientationLandscapeRight";
				INFOPLIST_KEY_UISupportedInterfaceOrientations_iPhone = "UIInterfaceOrientationPortrait UIInterfaceOrientationLandscapeLeft UIInterfaceOrientationLandscapeRight";
				IPHONEOS_DEPLOYMENT_TARGET = 16.0;
				LD_RUNPATH_SEARCH_PATHS = "@executable_path/Frameworks";
				"LD_RUNPATH_SEARCH_PATHS[sdk=macosx*]" = "@executable_path/../Frameworks";
				MACOSX_DEPLOYMENT_TARGET = 13.0;
				MARKETING_VERSION = 1.0;
				PRODUCT_BUNDLE_IDENTIFIER = com.brenovaladao.TripPlanner;
				PRODUCT_NAME = "$(TARGET_NAME)";
				SDKROOT = auto;
				SUPPORTED_PLATFORMS = "iphoneos iphonesimulator macosx";
				SWIFT_EMIT_LOC_STRINGS = YES;
				SWIFT_STRICT_CONCURRENCY = targeted;
				SWIFT_VERSION = 5.0;
				TARGETED_DEVICE_FAMILY = "1,2";
			};
			name = Release;
		};
		40F689022B207C600021E50D /* Debug */ = {
			isa = XCBuildConfiguration;
			buildSettings = {
				ALWAYS_EMBED_SWIFT_STANDARD_LIBRARIES = YES;
				BUNDLE_LOADER = "$(TEST_HOST)";
				CLANG_ENABLE_MODULES = YES;
				CODE_SIGN_STYLE = Automatic;
				CURRENT_PROJECT_VERSION = 1;
				DEVELOPMENT_TEAM = LS55K535D9;
				GENERATE_INFOPLIST_FILE = YES;
				IPHONEOS_DEPLOYMENT_TARGET = 17.0;
				MACOSX_DEPLOYMENT_TARGET = 14.0;
				MARKETING_VERSION = 1.0;
				PRODUCT_BUNDLE_IDENTIFIER = com.brenovaladao.TripPlannerTests;
				PRODUCT_NAME = "$(TARGET_NAME)";
				SDKROOT = auto;
				SUPPORTED_PLATFORMS = "iphoneos iphonesimulator macosx";
				SWIFT_EMIT_LOC_STRINGS = NO;
				SWIFT_OPTIMIZATION_LEVEL = "-Onone";
				SWIFT_VERSION = 5.0;
				TARGETED_DEVICE_FAMILY = "1,2";
				TEST_HOST = "$(BUILT_PRODUCTS_DIR)/TripPlanner.app/$(BUNDLE_EXECUTABLE_FOLDER_PATH)/TripPlanner";
			};
			name = Debug;
		};
		40F689032B207C600021E50D /* Release */ = {
			isa = XCBuildConfiguration;
			buildSettings = {
				ALWAYS_EMBED_SWIFT_STANDARD_LIBRARIES = YES;
				BUNDLE_LOADER = "$(TEST_HOST)";
				CLANG_ENABLE_MODULES = YES;
				CODE_SIGN_STYLE = Automatic;
				CURRENT_PROJECT_VERSION = 1;
				DEVELOPMENT_TEAM = LS55K535D9;
				GENERATE_INFOPLIST_FILE = YES;
				IPHONEOS_DEPLOYMENT_TARGET = 17.0;
				MACOSX_DEPLOYMENT_TARGET = 14.0;
				MARKETING_VERSION = 1.0;
				PRODUCT_BUNDLE_IDENTIFIER = com.brenovaladao.TripPlannerTests;
				PRODUCT_NAME = "$(TARGET_NAME)";
				SDKROOT = auto;
				SUPPORTED_PLATFORMS = "iphoneos iphonesimulator macosx";
				SWIFT_EMIT_LOC_STRINGS = NO;
				SWIFT_VERSION = 5.0;
				TARGETED_DEVICE_FAMILY = "1,2";
				TEST_HOST = "$(BUILT_PRODUCTS_DIR)/TripPlanner.app/$(BUNDLE_EXECUTABLE_FOLDER_PATH)/TripPlanner";
			};
			name = Release;
		};
/* End XCBuildConfiguration section */

/* Begin XCConfigurationList section */
		40F688D42B207C5E0021E50D /* Build configuration list for PBXProject "TripPlanner" */ = {
			isa = XCConfigurationList;
			buildConfigurations = (
				40F688FC2B207C600021E50D /* Debug */,
				40F688FD2B207C600021E50D /* Release */,
			);
			defaultConfigurationIsVisible = 0;
			defaultConfigurationName = Release;
		};
		40F688FE2B207C600021E50D /* Build configuration list for PBXNativeTarget "TripPlanner" */ = {
			isa = XCConfigurationList;
			buildConfigurations = (
				40F688FF2B207C600021E50D /* Debug */,
				40F689002B207C600021E50D /* Release */,
			);
			defaultConfigurationIsVisible = 0;
			defaultConfigurationName = Release;
		};
		40F689012B207C600021E50D /* Build configuration list for PBXNativeTarget "TripPlannerTests" */ = {
			isa = XCConfigurationList;
			buildConfigurations = (
				40F689022B207C600021E50D /* Debug */,
				40F689032B207C600021E50D /* Release */,
			);
			defaultConfigurationIsVisible = 0;
			defaultConfigurationName = Release;
		};
/* End XCConfigurationList section */
	};
	rootObject = 40F688D12B207C5E0021E50D /* Project object */;
}
